
Microsoft Visual Studio Solution File, Format Version 12.00
# Visual Studio Version 17
VisualStudioVersion = 17.10.35122.118
MinimumVisualStudioVersion = 10.0.40219.1
Project("{9A19103F-16F7-4668-BE54-9A1E7A4F7556}") = "BlazorAppError404", "BlazorAppError404\BlazorAppError404\BlazorAppError404.csproj", "{9820D11E-6ED7-4CF8-ACA4-00BC1E1E0623}"
EndProject
Project("{9A19103F-16F7-4668-BE54-9A1E7A4F7556}") = "BlazorAppError404.Client", "BlazorAppError404\BlazorAppError404.Client\BlazorAppError404.Client.csproj", "{61A730DD-BA2A-49D4-89E2-76AA84968980}"
EndProject
Project("{9A19103F-16F7-4668-BE54-9A1E7A4F7556}") = "HubServerWebsite", "HubServerWebsite\HubServerWebsite.csproj", "{9D71870D-D3F4-4748-A8E2-5ED7CB90217C}"
EndProject
Project("{9A19103F-16F7-4668-BE54-9A1E7A4F7556}") = "BlazorHub404", "BlazorHub404\BlazorHub404.csproj", "{15D7C1F5-38C3-488C-8A75-446F9085F3FB}"
EndProject
Project("{FAE04EC0-301F-11D3-BF4B-00C04F79EFBC}") = "SharedConfig", "SharedConfig\SharedConfig.csproj", "{E2047432-9623-4007-BFBE-58F2454C2A94}"
EndProject
Global
	GlobalSection(SolutionConfigurationPlatforms) = preSolution
		Debug|Any CPU = Debug|Any CPU
		Release|Any CPU = Release|Any CPU
	EndGlobalSection
	GlobalSection(ProjectConfigurationPlatforms) = postSolution
		{9820D11E-6ED7-4CF8-ACA4-00BC1E1E0623}.Debug|Any CPU.ActiveCfg = Debug|Any CPU
		{9820D11E-6ED7-4CF8-ACA4-00BC1E1E0623}.Debug|Any CPU.Build.0 = Debug|Any CPU
		{9820D11E-6ED7-4CF8-ACA4-00BC1E1E0623}.Release|Any CPU.ActiveCfg = Release|Any CPU
		{9820D11E-6ED7-4CF8-ACA4-00BC1E1E0623}.Release|Any CPU.Build.0 = Release|Any CPU
		{61A730DD-BA2A-49D4-89E2-76AA84968980}.Debug|Any CPU.ActiveCfg = Debug|Any CPU
		{61A730DD-BA2A-49D4-89E2-76AA84968980}.Debug|Any CPU.Build.0 = Debug|Any CPU
		{61A730DD-BA2A-49D4-89E2-76AA84968980}.Release|Any CPU.ActiveCfg = Release|Any CPU
		{61A730DD-BA2A-49D4-89E2-76AA84968980}.Release|Any CPU.Build.0 = Release|Any CPU
		{9D71870D-D3F4-4748-A8E2-5ED7CB90217C}.Debug|Any CPU.ActiveCfg = Debug|Any CPU
		{9D71870D-D3F4-4748-A8E2-5ED7CB90217C}.Debug|Any CPU.Build.0 = Debug|Any CPU
		{9D71870D-D3F4-4748-A8E2-5ED7CB90217C}.Release|Any CPU.ActiveCfg = Release|Any CPU
		{9D71870D-D3F4-4748-A8E2-5ED7CB90217C}.Release|Any CPU.Build.0 = Release|Any CPU
		{15D7C1F5-38C3-488C-8A75-446F9085F3FB}.Debug|Any CPU.ActiveCfg = Debug|Any CPU
		{15D7C1F5-38C3-488C-8A75-446F9085F3FB}.Debug|Any CPU.Build.0 = Debug|Any CPU
		{15D7C1F5-38C3-488C-8A75-446F9085F3FB}.Release|Any CPU.ActiveCfg = Release|Any CPU
		{15D7C1F5-38C3-488C-8A75-446F9085F3FB}.Release|Any CPU.Build.0 = Release|Any CPU
		{E2047432-9623-4007-BFBE-58F2454C2A94}.Debug|Any CPU.ActiveCfg = Debug|Any CPU
		{E2047432-9623-4007-BFBE-58F2454C2A94}.Debug|Any CPU.Build.0 = Debug|Any CPU
		{E2047432-9623-4007-BFBE-58F2454C2A94}.Release|Any CPU.ActiveCfg = Release|Any CPU
		{E2047432-9623-4007-BFBE-58F2454C2A94}.Release|Any CPU.Build.0 = Release|Any CPU
	EndGlobalSection
	GlobalSection(SolutionProperties) = preSolution
		HideSolutionNode = FALSE
	EndGlobalSection
	GlobalSection(ExtensibilityGlobals) = postSolution
		SolutionGuid = {26FD03E9-D317-4522-8681-9CB6C43464E7}
	EndGlobalSection
EndGlobal
